// !$*UTF8*$!
{
	archiveVersion = 1;
	classes = {
	};
	objectVersion = 46;
	objects = {

/* Begin PBXBuildFile section */
		3E13D9D719F6675B00251462 /* king.png in Resources */ = {isa = PBXBuildFile; fileRef = 3E13D9D419F6675B00251462 /* king.png */; };
		3E13D9D819F6675B00251462 /* queen.png in Resources */ = {isa = PBXBuildFile; fileRef = 3E13D9D519F6675B00251462 /* queen.png */; };
		3E13D9D919F6675B00251462 /* knight.png in Resources */ = {isa = PBXBuildFile; fileRef = 3E13D9D619F6675B00251462 /* knight.png */; };
		3E13D9DB19F667DE00251462 /* bishop.png in Resources */ = {isa = PBXBuildFile; fileRef = 3E13D9DA19F667DE00251462 /* bishop.png */; };
		3E13D9E219F6749D00251462 /* pawn.png in Resources */ = {isa = PBXBuildFile; fileRef = 3E13D9E019F6749D00251462 /* pawn.png */; };
		3E13D9E319F6749D00251462 /* rook.png in Resources */ = {isa = PBXBuildFile; fileRef = 3E13D9E119F6749D00251462 /* rook.png */; };
		FA594C0D19F01BE100106437 /* AppDelegate.swift in Sources */ = {isa = PBXBuildFile; fileRef = FA594C0C19F01BE100106437 /* AppDelegate.swift */; };
		FA594C0F19F01BE100106437 /* ViewController.swift in Sources */ = {isa = PBXBuildFile; fileRef = FA594C0E19F01BE100106437 /* ViewController.swift */; };
		FA594C1219F01BE100106437 /* Main.storyboard in Resources */ = {isa = PBXBuildFile; fileRef = FA594C1019F01BE100106437 /* Main.storyboard */; };
		FA594C1419F01BE100106437 /* Images.xcassets in Resources */ = {isa = PBXBuildFile; fileRef = FA594C1319F01BE100106437 /* Images.xcassets */; };
		FA594C2319F01BE200106437 /* Chessboard8x8Tests.swift in Sources */ = {isa = PBXBuildFile; fileRef = FA594C2219F01BE200106437 /* Chessboard8x8Tests.swift */; };
/* End PBXBuildFile section */

/* Begin PBXContainerItemProxy section */
		FA594C1D19F01BE200106437 /* PBXContainerItemProxy */ = {
			isa = PBXContainerItemProxy;
			containerPortal = FA594BFF19F01BE100106437 /* Project object */;
			proxyType = 1;
			remoteGlobalIDString = FA594C0619F01BE100106437;
			remoteInfo = Chessboard8x8;
		};
/* End PBXContainerItemProxy section */

/* Begin PBXFileReference section */
		3E13D9D419F6675B00251462 /* king.png */ = {isa = PBXFileReference; lastKnownFileType = image.png; path = king.png; sourceTree = "<group>"; };
		3E13D9D519F6675B00251462 /* queen.png */ = {isa = PBXFileReference; lastKnownFileType = image.png; path = queen.png; sourceTree = "<group>"; };
		3E13D9D619F6675B00251462 /* knight.png */ = {isa = PBXFileReference; lastKnownFileType = image.png; path = knight.png; sourceTree = "<group>"; };
		3E13D9DA19F667DE00251462 /* bishop.png */ = {isa = PBXFileReference; lastKnownFileType = image.png; path = bishop.png; sourceTree = "<group>"; };
		3E13D9E019F6749D00251462 /* pawn.png */ = {isa = PBXFileReference; lastKnownFileType = image.png; path = pawn.png; sourceTree = "<group>"; };
		3E13D9E119F6749D00251462 /* rook.png */ = {isa = PBXFileReference; lastKnownFileType = image.png; path = rook.png; sourceTree = "<group>"; };
		FA594C0719F01BE100106437 /* Chessboard8x8.app */ = {isa = PBXFileReference; explicitFileType = wrapper.application; includeInIndex = 0; path = Chessboard8x8.app; sourceTree = BUILT_PRODUCTS_DIR; };
		FA594C0B19F01BE100106437 /* Info.plist */ = {isa = PBXFileReference; lastKnownFileType = text.plist.xml; path = Info.plist; sourceTree = "<group>"; };
		FA594C0C19F01BE100106437 /* AppDelegate.swift */ = {isa = PBXFileReference; lastKnownFileType = sourcecode.swift; path = AppDelegate.swift; sourceTree = "<group>"; };
		FA594C0E19F01BE100106437 /* ViewController.swift */ = {isa = PBXFileReference; lastKnownFileType = sourcecode.swift; path = ViewController.swift; sourceTree = "<group>"; };
		FA594C1119F01BE100106437 /* Base */ = {isa = PBXFileReference; lastKnownFileType = file.storyboard; name = Base; path = Base.lproj/Main.storyboard; sourceTree = "<group>"; };
		FA594C1319F01BE100106437 /* Images.xcassets */ = {isa = PBXFileReference; lastKnownFileType = folder.assetcatalog; path = Images.xcassets; sourceTree = "<group>"; };
		FA594C1C19F01BE200106437 /* Chessboard8x8Tests.xctest */ = {isa = PBXFileReference; explicitFileType = wrapper.cfbundle; includeInIndex = 0; path = Chessboard8x8Tests.xctest; sourceTree = BUILT_PRODUCTS_DIR; };
		FA594C2119F01BE200106437 /* Info.plist */ = {isa = PBXFileReference; lastKnownFileType = text.plist.xml; path = Info.plist; sourceTree = "<group>"; };
		FA594C2219F01BE200106437 /* Chessboard8x8Tests.swift */ = {isa = PBXFileReference; lastKnownFileType = sourcecode.swift; path = Chessboard8x8Tests.swift; sourceTree = "<group>"; };
/* End PBXFileReference section */

/* Begin PBXFrameworksBuildPhase section */
		FA594C0419F01BE100106437 /* Frameworks */ = {
			isa = PBXFrameworksBuildPhase;
			buildActionMask = 2147483647;
			files = (
			);
			runOnlyForDeploymentPostprocessing = 0;
		};
		FA594C1919F01BE200106437 /* Frameworks */ = {
			isa = PBXFrameworksBuildPhase;
			buildActionMask = 2147483647;
			files = (
			);
			runOnlyForDeploymentPostprocessing = 0;
		};
/* End PBXFrameworksBuildPhase section */

/* Begin PBXGroup section */
		FA594BFE19F01BE000106437 = {
			isa = PBXGroup;
			children = (
				FA594C0919F01BE100106437 /* Chessboard8x8 */,
				FA594C1F19F01BE200106437 /* Chessboard8x8Tests */,
				FA594C0819F01BE100106437 /* Products */,
			);
			sourceTree = "<group>";
		};
		FA594C0819F01BE100106437 /* Products */ = {
			isa = PBXGroup;
			children = (
				FA594C0719F01BE100106437 /* Chessboard8x8.app */,
				FA594C1C19F01BE200106437 /* Chessboard8x8Tests.xctest */,
			);
			name = Products;
			sourceTree = "<group>";
		};
		FA594C0919F01BE100106437 /* Chessboard8x8 */ = {
			isa = PBXGroup;
			children = (
				FA594C0C19F01BE100106437 /* AppDelegate.swift */,
				FA594C0E19F01BE100106437 /* ViewController.swift */,
				FA594C1019F01BE100106437 /* Main.storyboard */,
				3E13D9DA19F667DE00251462 /* bishop.png */,
				3E13D9D419F6675B00251462 /* king.png */,
				3E13D9D519F6675B00251462 /* queen.png */,
				3E13D9D619F6675B00251462 /* knight.png */,
				3E13D9E019F6749D00251462 /* pawn.png */,
				3E13D9E119F6749D00251462 /* rook.png */,
				FA594C1319F01BE100106437 /* Images.xcassets */,
				FA594C0A19F01BE100106437 /* Supporting Files */,
			);
			path = Chessboard8x8;
			sourceTree = "<group>";
		};
		FA594C0A19F01BE100106437 /* Supporting Files */ = {
			isa = PBXGroup;
			children = (
				FA594C0B19F01BE100106437 /* Info.plist */,
			);
			name = "Supporting Files";
			sourceTree = "<group>";
		};
		FA594C1F19F01BE200106437 /* Chessboard8x8Tests */ = {
			isa = PBXGroup;
			children = (
				FA594C2219F01BE200106437 /* Chessboard8x8Tests.swift */,
				FA594C2019F01BE200106437 /* Supporting Files */,
			);
			path = Chessboard8x8Tests;
			sourceTree = "<group>";
		};
		FA594C2019F01BE200106437 /* Supporting Files */ = {
			isa = PBXGroup;
			children = (
				FA594C2119F01BE200106437 /* Info.plist */,
			);
			name = "Supporting Files";
			sourceTree = "<group>";
		};
/* End PBXGroup section */

/* Begin PBXNativeTarget section */
		FA594C0619F01BE100106437 /* Chessboard8x8 */ = {
			isa = PBXNativeTarget;
			buildConfigurationList = FA594C2619F01BE200106437 /* Build configuration list for PBXNativeTarget "Chessboard8x8" */;
			buildPhases = (
				FA594C0319F01BE100106437 /* Sources */,
				FA594C0419F01BE100106437 /* Frameworks */,
				FA594C0519F01BE100106437 /* Resources */,
			);
			buildRules = (
			);
			dependencies = (
			);
			name = Chessboard8x8;
			productName = Chessboard8x8;
			productReference = FA594C0719F01BE100106437 /* Chessboard8x8.app */;
			productType = "com.apple.product-type.application";
		};
		FA594C1B19F01BE200106437 /* Chessboard8x8Tests */ = {
			isa = PBXNativeTarget;
			buildConfigurationList = FA594C2919F01BE200106437 /* Build configuration list for PBXNativeTarget "Chessboard8x8Tests" */;
			buildPhases = (
				FA594C1819F01BE200106437 /* Sources */,
				FA594C1919F01BE200106437 /* Frameworks */,
				FA594C1A19F01BE200106437 /* Resources */,
			);
			buildRules = (
			);
			dependencies = (
				FA594C1E19F01BE200106437 /* PBXTargetDependency */,
			);
			name = Chessboard8x8Tests;
			productName = Chessboard8x8Tests;
			productReference = FA594C1C19F01BE200106437 /* Chessboard8x8Tests.xctest */;
			productType = "com.apple.product-type.bundle.unit-test";
		};
/* End PBXNativeTarget section */

/* Begin PBXProject section */
		FA594BFF19F01BE100106437 /* Project object */ = {
			isa = PBXProject;
			attributes = {
				LastUpgradeCheck = 0610;
				ORGANIZATIONNAME = PhamTrungAnh;
				TargetAttributes = {
					FA594C0619F01BE100106437 = {
						CreatedOnToolsVersion = 6.1;
					};
					FA594C1B19F01BE200106437 = {
						CreatedOnToolsVersion = 6.1;
						TestTargetID = FA594C0619F01BE100106437;
					};
				};
			};
			buildConfigurationList = FA594C0219F01BE100106437 /* Build configuration list for PBXProject "Chessboard8x8" */;
			compatibilityVersion = "Xcode 3.2";
			developmentRegion = English;
			hasScannedForEncodings = 0;
			knownRegions = (
				en,
				Base,
			);
			mainGroup = FA594BFE19F01BE000106437;
			productRefGroup = FA594C0819F01BE100106437 /* Products */;
			projectDirPath = "";
			projectRoot = "";
			targets = (
				FA594C0619F01BE100106437 /* Chessboard8x8 */,
				FA594C1B19F01BE200106437 /* Chessboard8x8Tests */,
			);
		};
/* End PBXProject section */

/* Begin PBXResourcesBuildPhase section */
		FA594C0519F01BE100106437 /* Resources */ = {
			isa = PBXResourcesBuildPhase;
			buildActionMask = 2147483647;
			files = (
				3E13D9D819F6675B00251462 /* queen.png in Resources */,
				3E13D9D719F6675B00251462 /* king.png in Resources */,
				3E13D9D919F6675B00251462 /* knight.png in Resources */,
				3E13D9E219F6749D00251462 /* pawn.png in Resources */,
				FA594C1219F01BE100106437 /* Main.storyboard in Resources */,
				3E13D9DB19F667DE00251462 /* bishop.png in Resources */,
				3E13D9E319F6749D00251462 /* rook.png in Resources */,
				FA594C1419F01BE100106437 /* Images.xcassets in Resources */,
			);
			runOnlyForDeploymentPostprocessing = 0;
		};
		FA594C1A19F01BE200106437 /* Resources */ = {
			isa = PBXResourcesBuildPhase;
			buildActionMask = 2147483647;
			files = (
			);
			runOnlyForDeploymentPostprocessing = 0;
		};
/* End PBXResourcesBuildPhase section */

/* Begin PBXSourcesBuildPhase section */
		FA594C0319F01BE100106437 /* Sources */ = {
			isa = PBXSourcesBuildPhase;
			buildActionMask = 2147483647;
			files = (
				FA594C0F19F01BE100106437 /* ViewController.swift in Sources */,
				FA594C0D19F01BE100106437 /* AppDelegate.swift in Sources */,
			);
			runOnlyForDeploymentPostprocessing = 0;
		};
		FA594C1819F01BE200106437 /* Sources */ = {
			isa = PBXSourcesBuildPhase;
			buildActionMask = 2147483647;
			files = (
				FA594C2319F01BE200106437 /* Chessboard8x8Tests.swift in Sources */,
			);
			runOnlyForDeploymentPostprocessing = 0;
		};
/* End PBXSourcesBuildPhase section */

/* Begin PBXTargetDependency section */
		FA594C1E19F01BE200106437 /* PBXTargetDependency */ = {
			isa = PBXTargetDependency;
			target = FA594C0619F01BE100106437 /* Chessboard8x8 */;
			targetProxy = FA594C1D19F01BE200106437 /* PBXContainerItemProxy */;
		};
/* End PBXTargetDependency section */

/* Begin PBXVariantGroup section */
		FA594C1019F01BE100106437 /* Main.storyboard */ = {
			isa = PBXVariantGroup;
			children = (
				FA594C1119F01BE100106437 /* Base */,
			);
			name = Main.storyboard;
			sourceTree = "<group>";
		};
/* End PBXVariantGroup section */

/* Begin XCBuildConfiguration section */
		FA594C2419F01BE200106437 /* Debug */ = {
			isa = XCBuildConfiguration;
			buildSettings = {
				ALWAYS_SEARCH_USER_PATHS = NO;
				CLANG_CXX_LANGUAGE_STANDARD = "gnu++0x";
				CLANG_CXX_LIBRARY = "libc++";
				CLANG_ENABLE_MODULES = YES;
				CLANG_ENABLE_OBJC_ARC = YES;
				CLANG_WARN_BOOL_CONVERSION = YES;
				CLANG_WARN_CONSTANT_CONVERSION = YES;
				CLANG_WARN_DIRECT_OBJC_ISA_USAGE = YES_ERROR;
				CLANG_WARN_EMPTY_BODY = YES;
				CLANG_WARN_ENUM_CONVERSION = YES;
				CLANG_WARN_INT_CONVERSION = YES;
				CLANG_WARN_OBJC_ROOT_CLASS = YES_ERROR;
				CLANG_WARN_UNREACHABLE_CODE = YES;
				CLANG_WARN__DUPLICATE_METHOD_MATCH = YES;
				"CODE_SIGN_IDENTITY[sdk=iphoneos*]" = "iPhone Developer";
				COPY_PHASE_STRIP = NO;
				ENABLE_STRICT_OBJC_MSGSEND = YES;
				GCC_C_LANGUAGE_STANDARD = gnu99;
				GCC_DYNAMIC_NO_PIC = NO;
				GCC_OPTIMIZATION_LEVEL = 0;
				GCC_PREPROCESSOR_DEFINITIONS = (
					"DEBUG=1",
					"$(inherited)",
				);
				GCC_SYMBOLS_PRIVATE_EXTERN = NO;
				GCC_WARN_64_TO_32_BIT_CONVERSION = YES;
				GCC_WARN_ABOUT_RETURN_TYPE = YES_ERROR;
				GCC_WARN_UNDECLARED_SELECTOR = YES;
				GCC_WARN_UNINITIALIZED_AUTOS = YES_AGGRESSIVE;
				GCC_WARN_UNUSED_FUNCTION = YES;
				GCC_WARN_UNUSED_VARIABLE = YES;
				IPHONEOS_DEPLOYMENT_TARGET = 8.1;
				MTL_ENABLE_DEBUG_INFO = YES;
				ONLY_ACTIVE_ARCH = YES;
				SDKROOT = iphoneos;
				SWIFT_OPTIMIZATION_LEVEL = "-Onone";
			};
			name = Debug;
		};
		FA594C2519F01BE200106437 /* Release */ = {
			isa = XCBuildConfiguration;
			buildSettings = {
				ALWAYS_SEARCH_USER_PATHS = NO;
				CLANG_CXX_LANGUAGE_STANDARD = "gnu++0x";
				CLANG_CXX_LIBRARY = "libc++";
				CLANG_ENABLE_MODULES = YES;
				CLANG_ENABLE_OBJC_ARC = YES;
				CLANG_WARN_BOOL_CONVERSION = YES;
				CLANG_WARN_CONSTANT_CONVERSION = YES;
				CLANG_WARN_DIRECT_OBJC_ISA_USAGE = YES_ERROR;
				CLANG_WARN_EMPTY_BODY = YES;
				CLANG_WARN_ENUM_CONVERSION = YES;
				CLANG_WARN_INT_CONVERSION = YES;
				CLANG_WARN_OBJC_ROOT_CLASS = YES_ERROR;
				CLANG_WARN_UNREACHABLE_CODE = YES;
				CLANG_WARN__DUPLICATE_METHOD_MATCH = YES;
				"CODE_SIGN_IDENTITY[sdk=iphoneos*]" = "iPhone Developer";
				COPY_PHASE_STRIP = YES;
				ENABLE_NS_ASSERTIONS = NO;
				ENABLE_STRICT_OBJC_MSGSEND = YES;
				GCC_C_LANGUAGE_STANDARD = gnu99;
				GCC_WARN_64_TO_32_BIT_CONVERSION = YES;
				GCC_WARN_ABOUT_RETURN_TYPE = YES_ERROR;
				GCC_WARN_UNDECLARED_SELECTOR = YES;
				GCC_WARN_UNINITIALIZED_AUTOS = YES_AGGRESSIVE;
				GCC_WARN_UNUSED_FUNCTION = YES;
				GCC_WARN_UNUSED_VARIABLE = YES;
				IPHONEOS_DEPLOYMENT_TARGET = 8.1;
				MTL_ENABLE_DEBUG_INFO = NO;
				SDKROOT = iphoneos;
				VALIDATE_PRODUCT = YES;
			};
			name = Release;
		};
		FA594C2719F01BE200106437 /* Debug */ = {
			isa = XCBuildConfiguration;
			buildSettings = {
				ASSETCATALOG_COMPILER_APPICON_NAME = AppIcon;
				INFOPLIST_FILE = Chessboard8x8/Info.plist;
				LD_RUNPATH_SEARCH_PATHS = "$(inherited) @executable_path/Frameworks";
				PRODUCT_NAME = "$(TARGET_NAME)";
			};
			name = Debug;
		};
		FA594C2819F01BE200106437 /* Release */ = {
			isa = XCBuildConfiguration;
			buildSettings = {
				ASSETCATALOG_COMPILER_APPICON_NAME = AppIcon;
				INFOPLIST_FILE = Chessboard8x8/Info.plist;
				LD_RUNPATH_SEARCH_PATHS = "$(inherited) @executable_path/Frameworks";
				PRODUCT_NAME = "$(TARGET_NAME)";
			};
			name = Release;
		};
		FA594C2A19F01BE200106437 /* Debug */ = {
			isa = XCBuildConfiguration;
			buildSettings = {
				BUNDLE_LOADER = "$(TEST_HOST)";
				FRAMEWORK_SEARCH_PATHS = (
					"$(SDKROOT)/Developer/Library/Frameworks",
					"$(inherited)",
				);
				GCC_PREPROCESSOR_DEFINITIONS = (
					"DEBUG=1",
					"$(inherited)",
				);
				INFOPLIST_FILE = Chessboard8x8Tests/Info.plist;
				LD_RUNPATH_SEARCH_PATHS = "$(inherited) @executable_path/Frameworks @loader_path/Frameworks";
				PRODUCT_NAME = "$(TARGET_NAME)";
				TEST_HOST = "$(BUILT_PRODUCTS_DIR)/Chessboard8x8.app/Chessboard8x8";
			};
			name = Debug;
		};
		FA594C2B19F01BE200106437 /* Release */ = {
			isa = XCBuildConfiguration;
			buildSettings = {
				BUNDLE_LOADER = "$(TEST_HOST)";
				FRAMEWORK_SEARCH_PATHS = (
					"$(SDKROOT)/Developer/Library/Frameworks",
					"$(inherited)",
				);
				INFOPLIST_FILE = Chessboard8x8Tests/Info.plist;
				LD_RUNPATH_SEARCH_PATHS = "$(inherited) @executable_path/Frameworks @loader_path/Frameworks";
				PRODUCT_NAME = "$(TARGET_NAME)";
				TEST_HOST = "$(BUILT_PRODUCTS_DIR)/Chessboard8x8.app/Chessboard8x8";
			};
			name = Release;
		};
/* End XCBuildConfiguration section */

/* Begin XCConfigurationList section */
		FA594C0219F01BE100106437 /* Build configuration list for PBXProject "Chessboard8x8" */ = {
			isa = XCConfigurationList;
			buildConfigurations = (
				FA594C2419F01BE200106437 /* Debug */,
				FA594C2519F01BE200106437 /* Release */,
			);
			defaultConfigurationIsVisible = 0;
			defaultConfigurationName = Release;
		};
		FA594C2619F01BE200106437 /* Build configuration list for PBXNativeTarget "Chessboard8x8" */ = {
			isa = XCConfigurationList;
			buildConfigurations = (
				FA594C2719F01BE200106437 /* Debug */,
				FA594C2819F01BE200106437 /* Release */,
			);
			defaultConfigurationIsVisible = 0;
			defaultConfigurationName = Release;
		};
		FA594C2919F01BE200106437 /* Build configuration list for PBXNativeTarget "Chessboard8x8Tests" */ = {
			isa = XCConfigurationList;
			buildConfigurations = (
				FA594C2A19F01BE200106437 /* Debug */,
				FA594C2B19F01BE200106437 /* Release */,
			);
			defaultConfigurationIsVisible = 0;
			defaultConfigurationName = Release;
		};
/* End XCConfigurationList section */
	};
	rootObject = FA594BFF19F01BE100106437 /* Project object */;
}
